
Microsoft Visual Studio Solution File, Format Version 12.00
# Visual Studio Version 17
VisualStudioVersion = 17.1.32228.430
MinimumVisualStudioVersion = 10.0.40219.1
Project("{9A19103F-16F7-4668-BE54-9A1E7A4F7556}") = "Entities", "Entities\Entities.csproj", "{291139F5-6396-4DF2-80FB-C974220EF164}"
EndProject
Project("{9A19103F-16F7-4668-BE54-9A1E7A4F7556}") = "DataAccess", "DataAccess\DataAccess.csproj", "{8F939717-AA6D-4F1B-A560-5A3242E66B0F}"
EndProject
Project("{9A19103F-16F7-4668-BE54-9A1E7A4F7556}") = "Business", "Business\Business.csproj", "{E2E0A785-BB3F-40FC-B9EA-00B8B729035E}"
EndProject
Project("{9A19103F-16F7-4668-BE54-9A1E7A4F7556}") = "Core", "Core\Core.csproj", "{9FE64AD5-9339-47B3-925A-DAA74BCE9226}"
EndProject
Project("{9A19103F-16F7-4668-BE54-9A1E7A4F7556}") = "WebAPI", "WebAPI\WebAPI.csproj", "{623520BD-DAE6-4B12-BC82-F16F5CA8E5F0}"
EndProject
Project("{FAE04EC0-301F-11D3-BF4B-00C04F79EFBC}") = "ConsoleApp1", "ConsoleApp1\ConsoleApp1.csproj", "{CB2868F9-0F67-4820-9B42-A3C677B6F8E7}"
EndProject
Global
	GlobalSection(SolutionConfigurationPlatforms) = preSolution
		Debug|Any CPU = Debug|Any CPU
		Release|Any CPU = Release|Any CPU
	EndGlobalSection
	GlobalSection(ProjectConfigurationPlatforms) = postSolution
		{291139F5-6396-4DF2-80FB-C974220EF164}.Debug|Any CPU.ActiveCfg = Debug|Any CPU
		{291139F5-6396-4DF2-80FB-C974220EF164}.Debug|Any CPU.Build.0 = Debug|Any CPU
		{291139F5-6396-4DF2-80FB-C974220EF164}.Release|Any CPU.ActiveCfg = Release|Any CPU
		{291139F5-6396-4DF2-80FB-C974220EF164}.Release|Any CPU.Build.0 = Release|Any CPU
		{8F939717-AA6D-4F1B-A560-5A3242E66B0F}.Debug|Any CPU.ActiveCfg = Debug|Any CPU
		{8F939717-AA6D-4F1B-A560-5A3242E66B0F}.Debug|Any CPU.Build.0 = Debug|Any CPU
		{8F939717-AA6D-4F1B-A560-5A3242E66B0F}.Release|Any CPU.ActiveCfg = Release|Any CPU
		{8F939717-AA6D-4F1B-A560-5A3242E66B0F}.Release|Any CPU.Build.0 = Release|Any CPU
		{E2E0A785-BB3F-40FC-B9EA-00B8B729035E}.Debug|Any CPU.ActiveCfg = Debug|Any CPU
		{E2E0A785-BB3F-40FC-B9EA-00B8B729035E}.Debug|Any CPU.Build.0 = Debug|Any CPU
		{E2E0A785-BB3F-40FC-B9EA-00B8B729035E}.Release|Any CPU.ActiveCfg = Release|Any CPU
		{E2E0A785-BB3F-40FC-B9EA-00B8B729035E}.Release|Any CPU.Build.0 = Release|Any CPU
		{9FE64AD5-9339-47B3-925A-DAA74BCE9226}.Debug|Any CPU.ActiveCfg = Debug|Any CPU
		{9FE64AD5-9339-47B3-925A-DAA74BCE9226}.Debug|Any CPU.Build.0 = Debug|Any CPU
		{9FE64AD5-9339-47B3-925A-DAA74BCE9226}.Release|Any CPU.ActiveCfg = Release|Any CPU
		{9FE64AD5-9339-47B3-925A-DAA74BCE9226}.Release|Any CPU.Build.0 = Release|Any CPU
		{623520BD-DAE6-4B12-BC82-F16F5CA8E5F0}.Debug|Any CPU.ActiveCfg = Debug|Any CPU
		{623520BD-DAE6-4B12-BC82-F16F5CA8E5F0}.Debug|Any CPU.Build.0 = Debug|Any CPU
		{623520BD-DAE6-4B12-BC82-F16F5CA8E5F0}.Release|Any CPU.ActiveCfg = Release|Any CPU
		{623520BD-DAE6-4B12-BC82-F16F5CA8E5F0}.Release|Any CPU.Build.0 = Release|Any CPU
		{CB2868F9-0F67-4820-9B42-A3C677B6F8E7}.Debug|Any CPU.ActiveCfg = Debug|Any CPU
		{CB2868F9-0F67-4820-9B42-A3C677B6F8E7}.Debug|Any CPU.Build.0 = Debug|Any CPU
		{CB2868F9-0F67-4820-9B42-A3C677B6F8E7}.Release|Any CPU.ActiveCfg = Release|Any CPU
		{CB2868F9-0F67-4820-9B42-A3C677B6F8E7}.Release|Any CPU.Build.0 = Release|Any CPU
	EndGlobalSection
	GlobalSection(SolutionProperties) = preSolution
		HideSolutionNode = FALSE
	EndGlobalSection
	GlobalSection(ExtensibilityGlobals) = postSolution
		SolutionGuid = {71F82FA8-BB8A-4E25-AD3B-4D73F67E533B}
	EndGlobalSection
EndGlobal
